
Microsoft Visual Studio Solution File, Format Version 12.00
# Visual Studio 15
VisualStudioVersion = 15.0.26124.0
MinimumVisualStudioVersion = 15.0.26124.0
Project("{2150E333-8FDC-42A3-9474-1A3956D46DE8}") = "src", "src", "{3491D328-EF68-4EA3-A182-3DE483134D39}"
EndProject
Project("{FAE04EC0-301F-11D3-BF4B-00C04F79EFBC}") = "ftpserver", "src\ftpserver\ftpserver.csproj", "{C2EC0CFD-81AE-4D85-BAF2-7C38506DBA4C}"
EndProject
Global
	GlobalSection(SolutionConfigurationPlatforms) = preSolution
		Debug|Any CPU = Debug|Any CPU
		Debug|x64 = Debug|x64
		Debug|x86 = Debug|x86
		Release|Any CPU = Release|Any CPU
		Release|x64 = Release|x64
		Release|x86 = Release|x86
	EndGlobalSection
	GlobalSection(SolutionProperties) = preSolution
		HideSolutionNode = FALSE
	EndGlobalSection
	GlobalSection(ProjectConfigurationPlatforms) = postSolution
		{C2EC0CFD-81AE-4D85-BAF2-7C38506DBA4C}.Debug|Any CPU.ActiveCfg = Debug|Any CPU
		{C2EC0CFD-81AE-4D85-BAF2-7C38506DBA4C}.Debug|Any CPU.Build.0 = Debug|Any CPU
		{C2EC0CFD-81AE-4D85-BAF2-7C38506DBA4C}.Debug|x64.ActiveCfg = Debug|Any CPU
		{C2EC0CFD-81AE-4D85-BAF2-7C38506DBA4C}.Debug|x64.Build.0 = Debug|Any CPU
		{C2EC0CFD-81AE-4D85-BAF2-7C38506DBA4C}.Debug|x86.ActiveCfg = Debug|Any CPU
		{C2EC0CFD-81AE-4D85-BAF2-7C38506DBA4C}.Debug|x86.Build.0 = Debug|Any CPU
		{C2EC0CFD-81AE-4D85-BAF2-7C38506DBA4C}.Release|Any CPU.ActiveCfg = Release|Any CPU
		{C2EC0CFD-81AE-4D85-BAF2-7C38506DBA4C}.Release|Any CPU.Build.0 = Release|Any CPU
		{C2EC0CFD-81AE-4D85-BAF2-7C38506DBA4C}.Release|x64.ActiveCfg = Release|Any CPU
		{C2EC0CFD-81AE-4D85-BAF2-7C38506DBA4C}.Release|x64.Build.0 = Release|Any CPU
		{C2EC0CFD-81AE-4D85-BAF2-7C38506DBA4C}.Release|x86.ActiveCfg = Release|Any CPU
		{C2EC0CFD-81AE-4D85-BAF2-7C38506DBA4C}.Release|x86.Build.0 = Release|Any CPU
	EndGlobalSection
	GlobalSection(NestedProjects) = preSolution
		{C2EC0CFD-81AE-4D85-BAF2-7C38506DBA4C} = {3491D328-EF68-4EA3-A182-3DE483134D39}
	EndGlobalSection
EndGlobal
